
Microsoft Visual Studio Solution File, Format Version 12.00
# Visual Studio for Mac
Project("{FAE04EC0-301F-11D3-BF4B-00C04F79EFBC}") = "Assembly-CSharp", "Assembly-CSharp.csproj", "{1EE5ABD0-D094-5F03-3145-8D0E35E9E7BF}"
EndProject
Project("{FAE04EC0-301F-11D3-BF4B-00C04F79EFBC}") = "Assembly-CSharp-Editor", "Assembly-CSharp-Editor.csproj", "{C1AC4B5B-8094-A0F1-EE58-D32FEB623D01}"
EndProject
Global
	GlobalSection(SolutionConfigurationPlatforms) = preSolution
		Debug|Any CPU = Debug|Any CPU
		Release|Any CPU = Release|Any CPU
	EndGlobalSection
	GlobalSection(ProjectConfigurationPlatforms) = postSolution
		{1EE5ABD0-D094-5F03-3145-8D0E35E9E7BF}.Debug|Any CPU.ActiveCfg = Debug|Any CPU
		{1EE5ABD0-D094-5F03-3145-8D0E35E9E7BF}.Debug|Any CPU.Build.0 = Debug|Any CPU
		{1EE5ABD0-D094-5F03-3145-8D0E35E9E7BF}.Release|Any CPU.ActiveCfg = Release|Any CPU
		{1EE5ABD0-D094-5F03-3145-8D0E35E9E7BF}.Release|Any CPU.Build.0 = Release|Any CPU
		{C1AC4B5B-8094-A0F1-EE58-D32FEB623D01}.Debug|Any CPU.ActiveCfg = Debug|Any CPU
		{C1AC4B5B-8094-A0F1-EE58-D32FEB623D01}.Debug|Any CPU.Build.0 = Debug|Any CPU
		{C1AC4B5B-8094-A0F1-EE58-D32FEB623D01}.Release|Any CPU.ActiveCfg = Release|Any CPU
		{C1AC4B5B-8094-A0F1-EE58-D32FEB623D01}.Release|Any CPU.Build.0 = Release|Any CPU
	EndGlobalSection
	GlobalSection(SolutionProperties) = preSolution
		HideSolutionNode = FALSE
	EndGlobalSection
	GlobalSection(MonoDevelopProperties) = preSolution
		StartupItem = Assembly-CSharp.csproj
	EndGlobalSection
EndGlobal
